Microsoft Visual Studio Solution File, Format Version 12.00
# Visual Studio Version 17
VisualStudioVersion = 17.5.2.0
MinimumVisualStudioVersion = 10.0.40219.1
Project("{FAE04EC0-301F-11D3-BF4B-00C04F79EFBC}") = "BingoTodo.Api", "Api\BingoTodo.Api.csproj", "{DE41AC32-0E2D-BBC8-FE61-37E0044F9C99}"
EndProject
Project("{FAE04EC0-301F-11D3-BF4B-00C04F79EFBC}") = "BingoTodo.UnitTests", "BingoTodo.UnitTests\BingoTodo.UnitTests.csproj", "{9F0C38A4-87BB-46C3-86EA-8DA654F33CC8}"
EndProject
Project("{FAE04EC0-301F-11D3-BF4B-00C04F79EFBC}") = "BingoTodo.IntegrationTests", "BingoTodo.IntegrationTests\BingoTodo.IntegrationTests.csproj", "{D401D708-91EF-4B17-AC6F-916D652D61F2}"
EndProject
Global
	GlobalSection(SolutionConfigurationPlatforms) = preSolution
		Debug|Any CPU = Debug|Any CPU
		Debug|x64 = Debug|x64
		Debug|x86 = Debug|x86
		Release|Any CPU = Release|Any CPU
		Release|x64 = Release|x64
		Release|x86 = Release|x86
	EndGlobalSection
	GlobalSection(ProjectConfigurationPlatforms) = postSolution
		{DE41AC32-0E2D-BBC8-FE61-37E0044F9C99}.Debug|Any CPU.ActiveCfg = Debug|Any CPU
		{DE41AC32-0E2D-BBC8-FE61-37E0044F9C99}.Debug|Any CPU.Build.0 = Debug|Any CPU
		{DE41AC32-0E2D-BBC8-FE61-37E0044F9C99}.Debug|x64.ActiveCfg = Debug|Any CPU
		{DE41AC32-0E2D-BBC8-FE61-37E0044F9C99}.Debug|x64.Build.0 = Debug|Any CPU
		{DE41AC32-0E2D-BBC8-FE61-37E0044F9C99}.Debug|x86.ActiveCfg = Debug|Any CPU
		{DE41AC32-0E2D-BBC8-FE61-37E0044F9C99}.Debug|x86.Build.0 = Debug|Any CPU
		{DE41AC32-0E2D-BBC8-FE61-37E0044F9C99}.Release|Any CPU.ActiveCfg = Release|Any CPU
		{DE41AC32-0E2D-BBC8-FE61-37E0044F9C99}.Release|Any CPU.Build.0 = Release|Any CPU
		{DE41AC32-0E2D-BBC8-FE61-37E0044F9C99}.Release|x64.ActiveCfg = Release|Any CPU
		{DE41AC32-0E2D-BBC8-FE61-37E0044F9C99}.Release|x64.Build.0 = Release|Any CPU
		{DE41AC32-0E2D-BBC8-FE61-37E0044F9C99}.Release|x86.ActiveCfg = Release|Any CPU
		{DE41AC32-0E2D-BBC8-FE61-37E0044F9C99}.Release|x86.Build.0 = Release|Any CPU
		{9F0C38A4-87BB-46C3-86EA-8DA654F33CC8}.Debug|Any CPU.ActiveCfg = Debug|Any CPU
		{9F0C38A4-87BB-46C3-86EA-8DA654F33CC8}.Debug|Any CPU.Build.0 = Debug|Any CPU
		{9F0C38A4-87BB-46C3-86EA-8DA654F33CC8}.Debug|x64.ActiveCfg = Debug|Any CPU
		{9F0C38A4-87BB-46C3-86EA-8DA654F33CC8}.Debug|x64.Build.0 = Debug|Any CPU
		{9F0C38A4-87BB-46C3-86EA-8DA654F33CC8}.Debug|x86.ActiveCfg = Debug|Any CPU
		{9F0C38A4-87BB-46C3-86EA-8DA654F33CC8}.Debug|x86.Build.0 = Debug|Any CPU
		{9F0C38A4-87BB-46C3-86EA-8DA654F33CC8}.Release|Any CPU.ActiveCfg = Release|Any CPU
		{9F0C38A4-87BB-46C3-86EA-8DA654F33CC8}.Release|Any CPU.Build.0 = Release|Any CPU
		{9F0C38A4-87BB-46C3-86EA-8DA654F33CC8}.Release|x64.ActiveCfg = Release|Any CPU
		{9F0C38A4-87BB-46C3-86EA-8DA654F33CC8}.Release|x64.Build.0 = Release|Any CPU
		{9F0C38A4-87BB-46C3-86EA-8DA654F33CC8}.Release|x86.ActiveCfg = Release|Any CPU
		{9F0C38A4-87BB-46C3-86EA-8DA654F33CC8}.Release|x86.Build.0 = Release|Any CPU
		{D401D708-91EF-4B17-AC6F-916D652D61F2}.Debug|Any CPU.ActiveCfg = Debug|Any CPU
		{D401D708-91EF-4B17-AC6F-916D652D61F2}.Debug|Any CPU.Build.0 = Debug|Any CPU
		{D401D708-91EF-4B17-AC6F-916D652D61F2}.Debug|x64.ActiveCfg = Debug|Any CPU
		{D401D708-91EF-4B17-AC6F-916D652D61F2}.Debug|x64.Build.0 = Debug|Any CPU
		{D401D708-91EF-4B17-AC6F-916D652D61F2}.Debug|x86.ActiveCfg = Debug|Any CPU
		{D401D708-91EF-4B17-AC6F-916D652D61F2}.Debug|x86.Build.0 = Debug|Any CPU
		{D401D708-91EF-4B17-AC6F-916D652D61F2}.Release|Any CPU.ActiveCfg = Release|Any CPU
		{D401D708-91EF-4B17-AC6F-916D652D61F2}.Release|Any CPU.Build.0 = Release|Any CPU
		{D401D708-91EF-4B17-AC6F-916D652D61F2}.Release|x64.ActiveCfg = Release|Any CPU
		{D401D708-91EF-4B17-AC6F-916D652D61F2}.Release|x64.Build.0 = Release|Any CPU
		{D401D708-91EF-4B17-AC6F-916D652D61F2}.Release|x86.ActiveCfg = Release|Any CPU
		{D401D708-91EF-4B17-AC6F-916D652D61F2}.Release|x86.Build.0 = Release|Any CPU
	EndGlobalSection
	GlobalSection(SolutionProperties) = preSolution
		HideSolutionNode = FALSE
	EndGlobalSection
	GlobalSection(ExtensibilityGlobals) = postSolution
		SolutionGuid = {37929E01-4AF2-4C47-BB0A-68432CA47F57}
	EndGlobalSection
EndGlobal
